// !$*UTF8*$!
{
	archiveVersion = 1;
	classes = {
	};
	objectVersion = 50;
	objects = {

/* Begin PBXBuildFile section */
		F1ECBA5D22437AC800919572 /* AppDelegate.swift in Sources */ = {isa = PBXBuildFile; fileRef = F1ECBA5C22437AC800919572 /* AppDelegate.swift */; };
		F1ECBA5F22437AC800919572 /* ViewController.swift in Sources */ = {isa = PBXBuildFile; fileRef = F1ECBA5E22437AC800919572 /* ViewController.swift */; };
		F1ECBA6222437AC800919572 /* Main.storyboard in Resources */ = {isa = PBXBuildFile; fileRef = F1ECBA6022437AC800919572 /* Main.storyboard */; };
		F1ECBA6422437AC900919572 /* Assets.xcassets in Resources */ = {isa = PBXBuildFile; fileRef = F1ECBA6322437AC900919572 /* Assets.xcassets */; };
		F1ECBA6722437AC900919572 /* LaunchScreen.storyboard in Resources */ = {isa = PBXBuildFile; fileRef = F1ECBA6522437AC900919572 /* LaunchScreen.storyboard */; };
		F1ECBA7222437AC900919572 /* URLShortenerTests.swift in Sources */ = {isa = PBXBuildFile; fileRef = F1ECBA7122437AC900919572 /* URLShortenerTests.swift */; };
		F1ECBA822243941A00919572 /* ShortenedURL.swift in Sources */ = {isa = PBXBuildFile; fileRef = F1ECBA812243941A00919572 /* ShortenedURL.swift */; };
		F1ECBA842243944000919572 /* TinyURLAPI.swift in Sources */ = {isa = PBXBuildFile; fileRef = F1ECBA832243944000919572 /* TinyURLAPI.swift */; };
		F1ECBA8A2243954700919572 /* ShortenedURLDAO.swift in Sources */ = {isa = PBXBuildFile; fileRef = F1ECBA892243954700919572 /* ShortenedURLDAO.swift */; };
/* End PBXBuildFile section */

/* Begin PBXContainerItemProxy section */
		F1ECBA6E22437AC900919572 /* PBXContainerItemProxy */ = {
			isa = PBXContainerItemProxy;
			containerPortal = F1ECBA5122437AC800919572 /* Project object */;
			proxyType = 1;
			remoteGlobalIDString = F1ECBA5822437AC800919572;
			remoteInfo = URLShortener;
		};
/* End PBXContainerItemProxy section */

/* Begin PBXFileReference section */
		F1ECBA5922437AC800919572 /* URLShortener.app */ = {isa = PBXFileReference; explicitFileType = wrapper.application; includeInIndex = 0; path = URLShortener.app; sourceTree = BUILT_PRODUCTS_DIR; };
		F1ECBA5C22437AC800919572 /* AppDelegate.swift */ = {isa = PBXFileReference; lastKnownFileType = sourcecode.swift; path = AppDelegate.swift; sourceTree = "<group>"; };
		F1ECBA5E22437AC800919572 /* ViewController.swift */ = {isa = PBXFileReference; lastKnownFileType = sourcecode.swift; path = ViewController.swift; sourceTree = "<group>"; };
		F1ECBA6122437AC800919572 /* Base */ = {isa = PBXFileReference; lastKnownFileType = file.storyboard; name = Base; path = Base.lproj/Main.storyboard; sourceTree = "<group>"; };
		F1ECBA6322437AC900919572 /* Assets.xcassets */ = {isa = PBXFileReference; lastKnownFileType = folder.assetcatalog; path = Assets.xcassets; sourceTree = "<group>"; };
		F1ECBA6622437AC900919572 /* Base */ = {isa = PBXFileReference; lastKnownFileType = file.storyboard; name = Base; path = Base.lproj/LaunchScreen.storyboard; sourceTree = "<group>"; };
		F1ECBA6822437AC900919572 /* Info.plist */ = {isa = PBXFileReference; lastKnownFileType = text.plist.xml; path = Info.plist; sourceTree = "<group>"; };
		F1ECBA6D22437AC900919572 /* URLShortenerTests.xctest */ = {isa = PBXFileReference; explicitFileType = wrapper.cfbundle; includeInIndex = 0; path = URLShortenerTests.xctest; sourceTree = BUILT_PRODUCTS_DIR; };
		F1ECBA7122437AC900919572 /* URLShortenerTests.swift */ = {isa = PBXFileReference; lastKnownFileType = sourcecode.swift; path = URLShortenerTests.swift; sourceTree = "<group>"; };
		F1ECBA7322437AC900919572 /* Info.plist */ = {isa = PBXFileReference; lastKnownFileType = text.plist.xml; path = Info.plist; sourceTree = "<group>"; };
		F1ECBA812243941A00919572 /* ShortenedURL.swift */ = {isa = PBXFileReference; lastKnownFileType = sourcecode.swift; path = ShortenedURL.swift; sourceTree = "<group>"; };
		F1ECBA832243944000919572 /* TinyURLAPI.swift */ = {isa = PBXFileReference; lastKnownFileType = sourcecode.swift; path = TinyURLAPI.swift; sourceTree = "<group>"; };
		F1ECBA892243954700919572 /* ShortenedURLDAO.swift */ = {isa = PBXFileReference; lastKnownFileType = sourcecode.swift; path = ShortenedURLDAO.swift; sourceTree = "<group>"; };
/* End PBXFileReference section */

/* Begin PBXFrameworksBuildPhase section */
		F1ECBA5622437AC800919572 /* Frameworks */ = {
			isa = PBXFrameworksBuildPhase;
			buildActionMask = 2147483647;
			files = (
			);
			runOnlyForDeploymentPostprocessing = 0;
		};
		F1ECBA6A22437AC900919572 /* Frameworks */ = {
			isa = PBXFrameworksBuildPhase;
			buildActionMask = 2147483647;
			files = (
			);
			runOnlyForDeploymentPostprocessing = 0;
		};
/* End PBXFrameworksBuildPhase section */

/* Begin PBXGroup section */
		F1ECBA5022437AC800919572 = {
			isa = PBXGroup;
			children = (
				F1ECBA5B22437AC800919572 /* URLShortener */,
				F1ECBA7022437AC900919572 /* URLShortenerTests */,
				F1ECBA5A22437AC800919572 /* Products */,
			);
			sourceTree = "<group>";
		};
		F1ECBA5A22437AC800919572 /* Products */ = {
			isa = PBXGroup;
			children = (
				F1ECBA5922437AC800919572 /* URLShortener.app */,
				F1ECBA6D22437AC900919572 /* URLShortenerTests.xctest */,
			);
			name = Products;
			sourceTree = "<group>";
		};
		F1ECBA5B22437AC800919572 /* URLShortener */ = {
			isa = PBXGroup;
			children = (
				F1ECBA882243952800919572 /* DAO */,
				F1ECBA872243951200919572 /* API */,
				F1ECBA862243950000919572 /* Models */,
				F1ECBA85224394F500919572 /* Controllers */,
				F1ECBA5C22437AC800919572 /* AppDelegate.swift */,
				F1ECBA6022437AC800919572 /* Main.storyboard */,
				F1ECBA6322437AC900919572 /* Assets.xcassets */,
				F1ECBA6522437AC900919572 /* LaunchScreen.storyboard */,
				F1ECBA6822437AC900919572 /* Info.plist */,
			);
			path = URLShortener;
			sourceTree = "<group>";
		};
		F1ECBA7022437AC900919572 /* URLShortenerTests */ = {
			isa = PBXGroup;
			children = (
				F1ECBA7122437AC900919572 /* URLShortenerTests.swift */,
				F1ECBA7322437AC900919572 /* Info.plist */,
			);
			path = URLShortenerTests;
			sourceTree = "<group>";
		};
		F1ECBA85224394F500919572 /* Controllers */ = {
			isa = PBXGroup;
			children = (
				F1ECBA5E22437AC800919572 /* ViewController.swift */,
			);
			path = Controllers;
			sourceTree = "<group>";
		};
		F1ECBA862243950000919572 /* Models */ = {
			isa = PBXGroup;
			children = (
				F1ECBA812243941A00919572 /* ShortenedURL.swift */,
			);
			path = Models;
			sourceTree = "<group>";
		};
		F1ECBA872243951200919572 /* API */ = {
			isa = PBXGroup;
			children = (
				F1ECBA832243944000919572 /* TinyURLAPI.swift */,
			);
			path = API;
			sourceTree = "<group>";
		};
		F1ECBA882243952800919572 /* DAO */ = {
			isa = PBXGroup;
			children = (
				F1ECBA892243954700919572 /* ShortenedURLDAO.swift */,
			);
			path = DAO;
			sourceTree = "<group>";
		};
/* End PBXGroup section */

/* Begin PBXNativeTarget section */
		F1ECBA5822437AC800919572 /* URLShortener */ = {
			isa = PBXNativeTarget;
			buildConfigurationList = F1ECBA7622437AC900919572 /* Build configuration list for PBXNativeTarget "URLShortener" */;
			buildPhases = (
				F1ECBA5522437AC800919572 /* Sources */,
				F1ECBA5622437AC800919572 /* Frameworks */,
				F1ECBA5722437AC800919572 /* Resources */,
			);
			buildRules = (
			);
			dependencies = (
			);
			name = URLShortener;
			productName = URLShortener;
			productReference = F1ECBA5922437AC800919572 /* URLShortener.app */;
			productType = "com.apple.product-type.application";
		};
		F1ECBA6C22437AC900919572 /* URLShortenerTests */ = {
			isa = PBXNativeTarget;
			buildConfigurationList = F1ECBA7922437AC900919572 /* Build configuration list for PBXNativeTarget "URLShortenerTests" */;
			buildPhases = (
				F1ECBA6922437AC900919572 /* Sources */,
				F1ECBA6A22437AC900919572 /* Frameworks */,
				F1ECBA6B22437AC900919572 /* Resources */,
			);
			buildRules = (
			);
			dependencies = (
				F1ECBA6F22437AC900919572 /* PBXTargetDependency */,
			);
			name = URLShortenerTests;
			productName = URLShortenerTests;
			productReference = F1ECBA6D22437AC900919572 /* URLShortenerTests.xctest */;
			productType = "com.apple.product-type.bundle.unit-test";
		};
/* End PBXNativeTarget section */

/* Begin PBXProject section */
		F1ECBA5122437AC800919572 /* Project object */ = {
			isa = PBXProject;
			attributes = {
				LastSwiftUpdateCheck = 1010;
				LastUpgradeCheck = 1010;
				ORGANIZATIONNAME = "Diego Fachinotti";
				TargetAttributes = {
					F1ECBA5822437AC800919572 = {
						CreatedOnToolsVersion = 10.1;
					};
					F1ECBA6C22437AC900919572 = {
						CreatedOnToolsVersion = 10.1;
						TestTargetID = F1ECBA5822437AC800919572;
					};
				};
			};
			buildConfigurationList = F1ECBA5422437AC800919572 /* Build configuration list for PBXProject "URLShortener" */;
			compatibilityVersion = "Xcode 9.3";
			developmentRegion = en;
			hasScannedForEncodings = 0;
			knownRegions = (
				en,
				Base,
			);
			mainGroup = F1ECBA5022437AC800919572;
			productRefGroup = F1ECBA5A22437AC800919572 /* Products */;
			projectDirPath = "";
			projectRoot = "";
			targets = (
				F1ECBA5822437AC800919572 /* URLShortener */,
				F1ECBA6C22437AC900919572 /* URLShortenerTests */,
			);
		};
/* End PBXProject section */

/* Begin PBXResourcesBuildPhase section */
		F1ECBA5722437AC800919572 /* Resources */ = {
			isa = PBXResourcesBuildPhase;
			buildActionMask = 2147483647;
			files = (
				F1ECBA6722437AC900919572 /* LaunchScreen.storyboard in Resources */,
				F1ECBA6422437AC900919572 /* Assets.xcassets in Resources */,
				F1ECBA6222437AC800919572 /* Main.storyboard in Resources */,
			);
			runOnlyForDeploymentPostprocessing = 0;
		};
		F1ECBA6B22437AC900919572 /* Resources */ = {
			isa = PBXResourcesBuildPhase;
			buildActionMask = 2147483647;
			files = (
			);
			runOnlyForDeploymentPostprocessing = 0;
		};
/* End PBXResourcesBuildPhase section */

/* Begin PBXSourcesBuildPhase section */
		F1ECBA5522437AC800919572 /* Sources */ = {
			isa = PBXSourcesBuildPhase;
			buildActionMask = 2147483647;
			files = (
				F1ECBA842243944000919572 /* TinyURLAPI.swift in Sources */,
				F1ECBA5F22437AC800919572 /* ViewController.swift in Sources */,
				F1ECBA5D22437AC800919572 /* AppDelegate.swift in Sources */,
				F1ECBA822243941A00919572 /* ShortenedURL.swift in Sources */,
				F1ECBA8A2243954700919572 /* ShortenedURLDAO.swift in Sources */,
			);
			runOnlyForDeploymentPostprocessing = 0;
		};
		F1ECBA6922437AC900919572 /* Sources */ = {
			isa = PBXSourcesBuildPhase;
			buildActionMask = 2147483647;
			files = (
				F1ECBA7222437AC900919572 /* URLShortenerTests.swift in Sources */,
			);
			runOnlyForDeploymentPostprocessing = 0;
		};
/* End PBXSourcesBuildPhase section */

/* Begin PBXTargetDependency section */
		F1ECBA6F22437AC900919572 /* PBXTargetDependency */ = {
			isa = PBXTargetDependency;
			target = F1ECBA5822437AC800919572 /* URLShortener */;
			targetProxy = F1ECBA6E22437AC900919572 /* PBXContainerItemProxy */;
		};
/* End PBXTargetDependency section */

/* Begin PBXVariantGroup section */
		F1ECBA6022437AC800919572 /* Main.storyboard */ = {
			isa = PBXVariantGroup;
			children = (
				F1ECBA6122437AC800919572 /* Base */,
			);
			name = Main.storyboard;
			sourceTree = "<group>";
		};
		F1ECBA6522437AC900919572 /* LaunchScreen.storyboard */ = {
			isa = PBXVariantGroup;
			children = (
				F1ECBA6622437AC900919572 /* Base */,
			);
			name = LaunchScreen.storyboard;
			sourceTree = "<group>";
		};
/* End PBXVariantGroup section */

/* Begin XCBuildConfiguration section */
		F1ECBA7422437AC900919572 /* Debug */ = {
			isa = XCBuildConfiguration;
			buildSettings = {
				ALWAYS_SEARCH_USER_PATHS = NO;
				CLANG_ANALYZER_NONNULL = YES;
				CLANG_ANALYZER_NUMBER_OBJECT_CONVERSION = YES_AGGRESSIVE;
				CLANG_CXX_LANGUAGE_STANDARD = "gnu++14";
				CLANG_CXX_LIBRARY = "libc++";
				CLANG_ENABLE_MODULES = YES;
				CLANG_ENABLE_OBJC_ARC = YES;
				CLANG_ENABLE_OBJC_WEAK = YES;
				CLANG_WARN_BLOCK_CAPTURE_AUTORELEASING = YES;
				CLANG_WARN_BOOL_CONVERSION = YES;
				CLANG_WARN_COMMA = YES;
				CLANG_WARN_CONSTANT_CONVERSION = YES;
				CLANG_WARN_DEPRECATED_OBJC_IMPLEMENTATIONS = YES;
				CLANG_WARN_DIRECT_OBJC_ISA_USAGE = YES_ERROR;
				CLANG_WARN_DOCUMENTATION_COMMENTS = YES;
				CLANG_WARN_EMPTY_BODY = YES;
				CLANG_WARN_ENUM_CONVERSION = YES;
				CLANG_WARN_INFINITE_RECURSION = YES;
				CLANG_WARN_INT_CONVERSION = YES;
				CLANG_WARN_NON_LITERAL_NULL_CONVERSION = YES;
				CLANG_WARN_OBJC_IMPLICIT_RETAIN_SELF = YES;
				CLANG_WARN_OBJC_LITERAL_CONVERSION = YES;
				CLANG_WARN_OBJC_ROOT_CLASS = YES_ERROR;
				CLANG_WARN_RANGE_LOOP_ANALYSIS = YES;
				CLANG_WARN_STRICT_PROTOTYPES = YES;
				CLANG_WARN_SUSPICIOUS_MOVE = YES;
				CLANG_WARN_UNGUARDED_AVAILABILITY = YES_AGGRESSIVE;
				CLANG_WARN_UNREACHABLE_CODE = YES;
				CLANG_WARN__DUPLICATE_METHOD_MATCH = YES;
				CODE_SIGN_IDENTITY = "iPhone Developer";
				COPY_PHASE_STRIP = NO;
				DEBUG_INFORMATION_FORMAT = dwarf;
				ENABLE_STRICT_OBJC_MSGSEND = YES;
				ENABLE_TESTABILITY = YES;
				GCC_C_LANGUAGE_STANDARD = gnu11;
				GCC_DYNAMIC_NO_PIC = NO;
				GCC_NO_COMMON_BLOCKS = YES;
				GCC_OPTIMIZATION_LEVEL = 0;
				GCC_PREPROCESSOR_DEFINITIONS = (
					"DEBUG=1",
					"$(inherited)",
				);
				GCC_WARN_64_TO_32_BIT_CONVERSION = YES;
				GCC_WARN_ABOUT_RETURN_TYPE = YES_ERROR;
				GCC_WARN_UNDECLARED_SELECTOR = YES;
				GCC_WARN_UNINITIALIZED_AUTOS = YES_AGGRESSIVE;
				GCC_WARN_UNUSED_FUNCTION = YES;
				GCC_WARN_UNUSED_VARIABLE = YES;
				IPHONEOS_DEPLOYMENT_TARGET = 12.1;
				MTL_ENABLE_DEBUG_INFO = INCLUDE_SOURCE;
				MTL_FAST_MATH = YES;
				ONLY_ACTIVE_ARCH = YES;
				SDKROOT = iphoneos;
				SWIFT_ACTIVE_COMPILATION_CONDITIONS = DEBUG;
				SWIFT_OPTIMIZATION_LEVEL = "-Onone";
			};
			name = Debug;
		};
		F1ECBA7522437AC900919572 /* Release */ = {
			isa = XCBuildConfiguration;
			buildSettings = {
				ALWAYS_SEARCH_USER_PATHS = NO;
				CLANG_ANALYZER_NONNULL = YES;
				CLANG_ANALYZER_NUMBER_OBJECT_CONVERSION = YES_AGGRESSIVE;
				CLANG_CXX_LANGUAGE_STANDARD = "gnu++14";
				CLANG_CXX_LIBRARY = "libc++";
				CLANG_ENABLE_MODULES = YES;
				CLANG_ENABLE_OBJC_ARC = YES;
				CLANG_ENABLE_OBJC_WEAK = YES;
				CLANG_WARN_BLOCK_CAPTURE_AUTORELEASING = YES;
				CLANG_WARN_BOOL_CONVERSION = YES;
				CLANG_WARN_COMMA = YES;
				CLANG_WARN_CONSTANT_CONVERSION = YES;
				CLANG_WARN_DEPRECATED_OBJC_IMPLEMENTATIONS = YES;
				CLANG_WARN_DIRECT_OBJC_ISA_USAGE = YES_ERROR;
				CLANG_WARN_DOCUMENTATION_COMMENTS = YES;
				CLANG_WARN_EMPTY_BODY = YES;
				CLANG_WARN_ENUM_CONVERSION = YES;
				CLANG_WARN_INFINITE_RECURSION = YES;
				CLANG_WARN_INT_CONVERSION = YES;
				CLANG_WARN_NON_LITERAL_NULL_CONVERSION = YES;
				CLANG_WARN_OBJC_IMPLICIT_RETAIN_SELF = YES;
				CLANG_WARN_OBJC_LITERAL_CONVERSION = YES;
				CLANG_WARN_OBJC_ROOT_CLASS = YES_ERROR;
				CLANG_WARN_RANGE_LOOP_ANALYSIS = YES;
				CLANG_WARN_STRICT_PROTOTYPES = YES;
				CLANG_WARN_SUSPICIOUS_MOVE = YES;
				CLANG_WARN_UNGUARDED_AVAILABILITY = YES_AGGRESSIVE;
				CLANG_WARN_UNREACHABLE_CODE = YES;
				CLANG_WARN__DUPLICATE_METHOD_MATCH = YES;
				CODE_SIGN_IDENTITY = "iPhone Developer";
				COPY_PHASE_STRIP = NO;
				DEBUG_INFORMATION_FORMAT = "dwarf-with-dsym";
				ENABLE_NS_ASSERTIONS = NO;
				ENABLE_STRICT_OBJC_MSGSEND = YES;
				GCC_C_LANGUAGE_STANDARD = gnu11;
				GCC_NO_COMMON_BLOCKS = YES;
				GCC_WARN_64_TO_32_BIT_CONVERSION = YES;
				GCC_WARN_ABOUT_RETURN_TYPE = YES_ERROR;
				GCC_WARN_UNDECLARED_SELECTOR = YES;
				GCC_WARN_UNINITIALIZED_AUTOS = YES_AGGRESSIVE;
				GCC_WARN_UNUSED_FUNCTION = YES;
				GCC_WARN_UNUSED_VARIABLE = YES;
				IPHONEOS_DEPLOYMENT_TARGET = 12.1;
				MTL_ENABLE_DEBUG_INFO = NO;
				MTL_FAST_MATH = YES;
				SDKROOT = iphoneos;
				SWIFT_COMPILATION_MODE = wholemodule;
				SWIFT_OPTIMIZATION_LEVEL = "-O";
				VALIDATE_PRODUCT = YES;
			};
			name = Release;
		};
		F1ECBA7722437AC900919572 /* Debug */ = {
			isa = XCBuildConfiguration;
			buildSettings = {
				ASSETCATALOG_COMPILER_APPICON_NAME = AppIcon;
				CODE_SIGN_STYLE = Automatic;
				DEVELOPMENT_TEAM = RNB4VACFDB;
				INFOPLIST_FILE = URLShortener/Info.plist;
				LD_RUNPATH_SEARCH_PATHS = (
					"$(inherited)",
					"@executable_path/Frameworks",
				);
				PRODUCT_BUNDLE_IDENTIFIER = com.fachinotti.URLShortener;
				PRODUCT_NAME = "$(TARGET_NAME)";
				SWIFT_VERSION = 4.2;
				TARGETED_DEVICE_FAMILY = "1,2";
			};
			name = Debug;
		};
		F1ECBA7822437AC900919572 /* Release */ = {
			isa = XCBuildConfiguration;
			buildSettings = {
				ASSETCATALOG_COMPILER_APPICON_NAME = AppIcon;
				CODE_SIGN_STYLE = Automatic;
				DEVELOPMENT_TEAM = RNB4VACFDB;
				INFOPLIST_FILE = URLShortener/Info.plist;
				LD_RUNPATH_SEARCH_PATHS = (
					"$(inherited)",
					"@executable_path/Frameworks",
				);
				PRODUCT_BUNDLE_IDENTIFIER = com.fachinotti.URLShortener;
				PRODUCT_NAME = "$(TARGET_NAME)";
				SWIFT_VERSION = 4.2;
				TARGETED_DEVICE_FAMILY = "1,2";
			};
			name = Release;
		};
		F1ECBA7A22437AC900919572 /* Debug */ = {
			isa = XCBuildConfiguration;
			buildSettings = {
				ALWAYS_EMBED_SWIFT_STANDARD_LIBRARIES = YES;
				BUNDLE_LOADER = "$(TEST_HOST)";
				CODE_SIGN_STYLE = Automatic;
				DEVELOPMENT_TEAM = TSFGKKWCA5;
				INFOPLIST_FILE = URLShortenerTests/Info.plist;
				LD_RUNPATH_SEARCH_PATHS = (
					"$(inherited)",
					"@executable_path/Frameworks",
					"@loader_path/Frameworks",
				);
				PRODUCT_BUNDLE_IDENTIFIER = com.fachinotti.URLShortenerTests;
				PRODUCT_NAME = "$(TARGET_NAME)";
				SWIFT_VERSION = 4.2;
				TARGETED_DEVICE_FAMILY = "1,2";
				TEST_HOST = "$(BUILT_PRODUCTS_DIR)/URLShortener.app/URLShortener";
			};
			name = Debug;
		};
		F1ECBA7B22437AC900919572 /* Release */ = {
			isa = XCBuildConfiguration;
			buildSettings = {
				ALWAYS_EMBED_SWIFT_STANDARD_LIBRARIES = YES;
				BUNDLE_LOADER = "$(TEST_HOST)";
				CODE_SIGN_STYLE = Automatic;
				DEVELOPMENT_TEAM = TSFGKKWCA5;
				INFOPLIST_FILE = URLShortenerTests/Info.plist;
				LD_RUNPATH_SEARCH_PATHS = (
					"$(inherited)",
					"@executable_path/Frameworks",
					"@loader_path/Frameworks",
				);
				PRODUCT_BUNDLE_IDENTIFIER = com.fachinotti.URLShortenerTests;
				PRODUCT_NAME = "$(TARGET_NAME)";
				SWIFT_VERSION = 4.2;
				TARGETED_DEVICE_FAMILY = "1,2";
				TEST_HOST = "$(BUILT_PRODUCTS_DIR)/URLShortener.app/URLShortener";
			};
			name = Release;
		};
/* End XCBuildConfiguration section */

/* Begin XCConfigurationList section */
		F1ECBA5422437AC800919572 /* Build configuration list for PBXProject "URLShortener" */ = {
			isa = XCConfigurationList;
			buildConfigurations = (
				F1ECBA7422437AC900919572 /* Debug */,
				F1ECBA7522437AC900919572 /* Release */,
			);
			defaultConfigurationIsVisible = 0;
			defaultConfigurationName = Release;
		};
		F1ECBA7622437AC900919572 /* Build configuration list for PBXNativeTarget "URLShortener" */ = {
			isa = XCConfigurationList;
			buildConfigurations = (
				F1ECBA7722437AC900919572 /* Debug */,
				F1ECBA7822437AC900919572 /* Release */,
			);
			defaultConfigurationIsVisible = 0;
			defaultConfigurationName = Release;
		};
		F1ECBA7922437AC900919572 /* Build configuration list for PBXNativeTarget "URLShortenerTests" */ = {
			isa = XCConfigurationList;
			buildConfigurations = (
				F1ECBA7A22437AC900919572 /* Debug */,
				F1ECBA7B22437AC900919572 /* Release */,
			);
			defaultConfigurationIsVisible = 0;
			defaultConfigurationName = Release;
		};
/* End XCConfigurationList section */
	};
	rootObject = F1ECBA5122437AC800919572 /* Project object */;
}
